
Microsoft Visual Studio Solution File, Format Version 12.00
# Visual Studio 2012
Project("{FAE04EC0-301F-11D3-BF4B-00C04F79EFBC}") = "LibAOBAL", "LibAOBAL\LibAOBAL.csproj", "{4DBC9845-B090-4406-9BB5-B44B8353AEA1}"
EndProject
Project("{FAE04EC0-301F-11D3-BF4B-00C04F79EFBC}") = "ExtensionMethods", "ExtensionMethods\ExtensionMethods.csproj", "{5D8AEC45-2297-4B20-A3BE-FC6B731670E5}"
EndProject
Project("{FAE04EC0-301F-11D3-BF4B-00C04F79EFBC}") = "LibAOModels", "LibAOModels\LibAOModels.csproj", "{7559340A-E32B-4E42-B74F-F234B5BF922E}"
EndProject
Project("{FAE04EC0-301F-11D3-BF4B-00C04F79EFBC}") = "AOMVC", "AOMVC\AOMVC.csproj", "{6D696B3E-2766-4061-8AA2-3C99E6AE1588}"
EndProject
Global
	GlobalSection(SolutionConfigurationPlatforms) = preSolution
		Debug|Any CPU = Debug|Any CPU
		Release|Any CPU = Release|Any CPU
	EndGlobalSection
	GlobalSection(ProjectConfigurationPlatforms) = postSolution
		{4DBC9845-B090-4406-9BB5-B44B8353AEA1}.Debug|Any CPU.ActiveCfg = Debug|Any CPU
		{4DBC9845-B090-4406-9BB5-B44B8353AEA1}.Debug|Any CPU.Build.0 = Debug|Any CPU
		{4DBC9845-B090-4406-9BB5-B44B8353AEA1}.Release|Any CPU.ActiveCfg = Release|Any CPU
		{4DBC9845-B090-4406-9BB5-B44B8353AEA1}.Release|Any CPU.Build.0 = Release|Any CPU
		{5D8AEC45-2297-4B20-A3BE-FC6B731670E5}.Debug|Any CPU.ActiveCfg = Debug|Any CPU
		{5D8AEC45-2297-4B20-A3BE-FC6B731670E5}.Debug|Any CPU.Build.0 = Debug|Any CPU
		{5D8AEC45-2297-4B20-A3BE-FC6B731670E5}.Release|Any CPU.ActiveCfg = Release|Any CPU
		{5D8AEC45-2297-4B20-A3BE-FC6B731670E5}.Release|Any CPU.Build.0 = Release|Any CPU
		{7559340A-E32B-4E42-B74F-F234B5BF922E}.Debug|Any CPU.ActiveCfg = Debug|Any CPU
		{7559340A-E32B-4E42-B74F-F234B5BF922E}.Debug|Any CPU.Build.0 = Debug|Any CPU
		{7559340A-E32B-4E42-B74F-F234B5BF922E}.Release|Any CPU.ActiveCfg = Release|Any CPU
		{7559340A-E32B-4E42-B74F-F234B5BF922E}.Release|Any CPU.Build.0 = Release|Any CPU
		{6D696B3E-2766-4061-8AA2-3C99E6AE1588}.Debug|Any CPU.ActiveCfg = Debug|Any CPU
		{6D696B3E-2766-4061-8AA2-3C99E6AE1588}.Debug|Any CPU.Build.0 = Debug|Any CPU
		{6D696B3E-2766-4061-8AA2-3C99E6AE1588}.Debug|Any CPU.Deploy.0 = Debug|Any CPU
		{6D696B3E-2766-4061-8AA2-3C99E6AE1588}.Release|Any CPU.ActiveCfg = Release|Any CPU
		{6D696B3E-2766-4061-8AA2-3C99E6AE1588}.Release|Any CPU.Build.0 = Release|Any CPU
	EndGlobalSection
	GlobalSection(SolutionProperties) = preSolution
		HideSolutionNode = FALSE
	EndGlobalSection
EndGlobal
